Microsoft Visual Studio Solution File, Format Version 12.00
# Visual Studio 2012
Project("{FAE04EC0-301F-11D3-BF4B-00C04F79EFBC}") = "MazeCube", "MazeCube.csproj", "{2AB9095D-2F86-409A-AAA3-7F94BCCEB5EF}"
EndProject
Project("{FAE04EC0-301F-11D3-BF4B-00C04F79EFBC}") = "UnitTests", "UnitTests\UnitTests.csproj", "{EC0DA686-660E-45FF-8C44-11A76AAFCCCC}"
EndProject
Global
	GlobalSection(SolutionConfigurationPlatforms) = preSolution
	Debug|Any CPU = Debug|Any CPU
	ExportDebug|Any CPU = ExportDebug|Any CPU
	ExportRelease|Any CPU = ExportRelease|Any CPU
	EndGlobalSection
	GlobalSection(ProjectConfigurationPlatforms) = postSolution
		{2AB9095D-2F86-409A-AAA3-7F94BCCEB5EF}.Debug|Any CPU.ActiveCfg = Debug|Any CPU
		{2AB9095D-2F86-409A-AAA3-7F94BCCEB5EF}.Debug|Any CPU.Build.0 = Debug|Any CPU
		{2AB9095D-2F86-409A-AAA3-7F94BCCEB5EF}.ExportDebug|Any CPU.ActiveCfg = ExportDebug|Any CPU
		{2AB9095D-2F86-409A-AAA3-7F94BCCEB5EF}.ExportDebug|Any CPU.Build.0 = ExportDebug|Any CPU
		{2AB9095D-2F86-409A-AAA3-7F94BCCEB5EF}.ExportRelease|Any CPU.ActiveCfg = ExportRelease|Any CPU
		{2AB9095D-2F86-409A-AAA3-7F94BCCEB5EF}.ExportRelease|Any CPU.Build.0 = ExportRelease|Any CPU
		{EC0DA686-660E-45FF-8C44-11A76AAFCCCC}.Debug|Any CPU.ActiveCfg = Debug|Any CPU
		{EC0DA686-660E-45FF-8C44-11A76AAFCCCC}.Debug|Any CPU.Build.0 = Debug|Any CPU
		{EC0DA686-660E-45FF-8C44-11A76AAFCCCC}.ExportDebug|Any CPU.ActiveCfg = Debug|Any CPU
		{EC0DA686-660E-45FF-8C44-11A76AAFCCCC}.ExportDebug|Any CPU.Build.0 = Debug|Any CPU
		{EC0DA686-660E-45FF-8C44-11A76AAFCCCC}.ExportRelease|Any CPU.ActiveCfg = Debug|Any CPU
		{EC0DA686-660E-45FF-8C44-11A76AAFCCCC}.ExportRelease|Any CPU.Build.0 = Debug|Any CPU
	EndGlobalSection
EndGlobal
